// !$*UTF8*$!
{
	archiveVersion = 1;
	classes = {
	};
	objectVersion = 46;
	objects = {

/* Begin PBXBuildFile section */
		26AC2C531B104B95001F9FAD /* Fabric.framework in Frameworks */ = {isa = PBXBuildFile; fileRef = 26AC2C4F1B104B95001F9FAD /* Fabric.framework */; };
		26AC2C541B104B95001F9FAD /* DigitsKit.framework in Frameworks */ = {isa = PBXBuildFile; fileRef = 26AC2C501B104B95001F9FAD /* DigitsKit.framework */; };
		26AC2C551B104B95001F9FAD /* DigitsKitResources.bundle in Resources */ = {isa = PBXBuildFile; fileRef = 26AC2C511B104B95001F9FAD /* DigitsKitResources.bundle */; };
		26AC2C561B104B95001F9FAD /* TwitterCore.framework in Frameworks */ = {isa = PBXBuildFile; fileRef = 26AC2C521B104B95001F9FAD /* TwitterCore.framework */; };
		26AC2C5E1B10518A001F9FAD /* Bolts.framework in Frameworks */ = {isa = PBXBuildFile; fileRef = 26AC2C581B10518A001F9FAD /* Bolts.framework */; };
		26AC2C5F1B10518A001F9FAD /* Parse.framework in Frameworks */ = {isa = PBXBuildFile; fileRef = 26AC2C591B10518A001F9FAD /* Parse.framework */; };
		26AC2C601B10518A001F9FAD /* ParseCrashReporting.framework in Frameworks */ = {isa = PBXBuildFile; fileRef = 26AC2C5A1B10518A001F9FAD /* ParseCrashReporting.framework */; };
		26AC2C611B10518A001F9FAD /* ParseFacebookUtils.framework in Frameworks */ = {isa = PBXBuildFile; fileRef = 26AC2C5B1B10518A001F9FAD /* ParseFacebookUtils.framework */; };
		26AC2C621B10518A001F9FAD /* ParseFacebookUtilsV4.framework in Frameworks */ = {isa = PBXBuildFile; fileRef = 26AC2C5C1B10518A001F9FAD /* ParseFacebookUtilsV4.framework */; };
		26AC2C631B10518A001F9FAD /* ParseUI.framework in Frameworks */ = {isa = PBXBuildFile; fileRef = 26AC2C5D1B10518A001F9FAD /* ParseUI.framework */; };
		26AC2C661B1051F3001F9FAD /* libsqlite3.0.dylib in Frameworks */ = {isa = PBXBuildFile; fileRef = 26AC2C641B1051F3001F9FAD /* libsqlite3.0.dylib */; };
		26AC2C671B1051F3001F9FAD /* libsqlite3.dylib in Frameworks */ = {isa = PBXBuildFile; fileRef = 26AC2C651B1051F3001F9FAD /* libsqlite3.dylib */; };
		26AC2C691B105204001F9FAD /* CFNetwork.framework in Frameworks */ = {isa = PBXBuildFile; fileRef = 26AC2C681B105204001F9FAD /* CFNetwork.framework */; };
		26AC2C6B1B10521C001F9FAD /* CoreAudio.framework in Frameworks */ = {isa = PBXBuildFile; fileRef = 26AC2C6A1B10521C001F9FAD /* CoreAudio.framework */; };
		26AC2C6D1B105262001F9FAD /* MobileCoreServices.framework in Frameworks */ = {isa = PBXBuildFile; fileRef = 26AC2C6C1B105262001F9FAD /* MobileCoreServices.framework */; };
		26AC2C711B105277001F9FAD /* AudioToolbox.framework in Frameworks */ = {isa = PBXBuildFile; fileRef = 26AC2C6E1B105277001F9FAD /* AudioToolbox.framework */; };
		26AC2C751B1052CD001F9FAD /* SystemConfiguration.framework in Frameworks */ = {isa = PBXBuildFile; fileRef = 26AC2C741B1052CD001F9FAD /* SystemConfiguration.framework */; };
		26AC2C791B10572D001F9FAD /* OMModelManager.m in Sources */ = {isa = PBXBuildFile; fileRef = 26AC2C781B10572D001F9FAD /* OMModelManager.m */; };
		26AC2C7C1B1058DB001F9FAD /* OMUser.m in Sources */ = {isa = PBXBuildFile; fileRef = 26AC2C7B1B1058DB001F9FAD /* OMUser.m */; };
		26AC2C811B10661D001F9FAD /* Beaconstac.bundle in Resources */ = {isa = PBXBuildFile; fileRef = 26AC2C7F1B10661D001F9FAD /* Beaconstac.bundle */; };
		26AC2C821B10661D001F9FAD /* Beaconstac_v_0_9_16.framework in Frameworks */ = {isa = PBXBuildFile; fileRef = 26AC2C801B10661D001F9FAD /* Beaconstac_v_0_9_16.framework */; };
		26AC2C841B1066F6001F9FAD /* CoreLocation.framework in Frameworks */ = {isa = PBXBuildFile; fileRef = 26AC2C831B1066F6001F9FAD /* CoreLocation.framework */; };
		D35ED17F1B10409300164ABA /* main.m in Sources */ = {isa = PBXBuildFile; fileRef = D35ED17E1B10409300164ABA /* main.m */; };
		D35ED1821B10409300164ABA /* AppDelegate.m in Sources */ = {isa = PBXBuildFile; fileRef = D35ED1811B10409300164ABA /* AppDelegate.m */; };
		D35ED1881B10409300164ABA /* Main.storyboard in Resources */ = {isa = PBXBuildFile; fileRef = D35ED1861B10409300164ABA /* Main.storyboard */; };
		D35ED18A1B10409300164ABA /* Images.xcassets in Resources */ = {isa = PBXBuildFile; fileRef = D35ED1891B10409300164ABA /* Images.xcassets */; };
		D35ED18D1B10409300164ABA /* LaunchScreen.xib in Resources */ = {isa = PBXBuildFile; fileRef = D35ED18B1B10409300164ABA /* LaunchScreen.xib */; };
		D35ED1991B10409300164ABA /* OfficeMateTests.m in Sources */ = {isa = PBXBuildFile; fileRef = D35ED1981B10409300164ABA /* OfficeMateTests.m */; };
		D35ED1A41B1049B000164ABA /* OMSignUpViewConroller.m in Sources */ = {isa = PBXBuildFile; fileRef = D35ED1A31B1049B000164ABA /* OMSignUpViewConroller.m */; };
		D35ED1A91B104A2E00164ABA /* HomeStoryBoard.storyboard in Resources */ = {isa = PBXBuildFile; fileRef = D35ED1A81B104A2E00164ABA /* HomeStoryBoard.storyboard */; };
		D35ED1BD1B10715A00164ABA /* OMHomeScreenViewControllerTableViewController.m in Sources */ = {isa = PBXBuildFile; fileRef = D35ED1BA1B10715A00164ABA /* OMHomeScreenViewControllerTableViewController.m */; };
		D35ED1BE1B10715A00164ABA /* OMHomeTableViewCell.m in Sources */ = {isa = PBXBuildFile; fileRef = D35ED1BC1B10715A00164ABA /* OMHomeTableViewCell.m */; };
		D35ED1C11B1071AC00164ABA /* OMAppearance.m in Sources */ = {isa = PBXBuildFile; fileRef = D35ED1C01B1071AC00164ABA /* OMAppearance.m */; };
/* End PBXBuildFile section */

/* Begin PBXContainerItemProxy section */
		D35ED1931B10409300164ABA /* PBXContainerItemProxy */ = {
			isa = PBXContainerItemProxy;
			containerPortal = D35ED1711B10409300164ABA /* Project object */;
			proxyType = 1;
			remoteGlobalIDString = D35ED1781B10409300164ABA;
			remoteInfo = OfficeMate;
		};
/* End PBXContainerItemProxy section */

/* Begin PBXFileReference section */
		26AC2C4F1B104B95001F9FAD /* Fabric.framework */ = {isa = PBXFileReference; lastKnownFileType = wrapper.framework; path = Fabric.framework; sourceTree = "<group>"; };
		26AC2C501B104B95001F9FAD /* DigitsKit.framework */ = {isa = PBXFileReference; lastKnownFileType = wrapper.framework; path = DigitsKit.framework; sourceTree = "<group>"; };
		26AC2C511B104B95001F9FAD /* DigitsKitResources.bundle */ = {isa = PBXFileReference; lastKnownFileType = "wrapper.plug-in"; path = DigitsKitResources.bundle; sourceTree = "<group>"; };
		26AC2C521B104B95001F9FAD /* TwitterCore.framework */ = {isa = PBXFileReference; lastKnownFileType = wrapper.framework; path = TwitterCore.framework; sourceTree = "<group>"; };
		26AC2C581B10518A001F9FAD /* Bolts.framework */ = {isa = PBXFileReference; lastKnownFileType = wrapper.framework; path = Bolts.framework; sourceTree = "<group>"; };
		26AC2C591B10518A001F9FAD /* Parse.framework */ = {isa = PBXFileReference; lastKnownFileType = wrapper.framework; path = Parse.framework; sourceTree = "<group>"; };
		26AC2C5A1B10518A001F9FAD /* ParseCrashReporting.framework */ = {isa = PBXFileReference; lastKnownFileType = wrapper.framework; path = ParseCrashReporting.framework; sourceTree = "<group>"; };
		26AC2C5B1B10518A001F9FAD /* ParseFacebookUtils.framework */ = {isa = PBXFileReference; lastKnownFileType = wrapper.framework; path = ParseFacebookUtils.framework; sourceTree = "<group>"; };
		26AC2C5C1B10518A001F9FAD /* ParseFacebookUtilsV4.framework */ = {isa = PBXFileReference; lastKnownFileType = wrapper.framework; path = ParseFacebookUtilsV4.framework; sourceTree = "<group>"; };
		26AC2C5D1B10518A001F9FAD /* ParseUI.framework */ = {isa = PBXFileReference; lastKnownFileType = wrapper.framework; path = ParseUI.framework; sourceTree = "<group>"; };
		26AC2C641B1051F3001F9FAD /* libsqlite3.0.dylib */ = {isa = PBXFileReference; lastKnownFileType = "compiled.mach-o.dylib"; name = libsqlite3.0.dylib; path = usr/lib/libsqlite3.0.dylib; sourceTree = SDKROOT; };
		26AC2C651B1051F3001F9FAD /* libsqlite3.dylib */ = {isa = PBXFileReference; lastKnownFileType = "compiled.mach-o.dylib"; name = libsqlite3.dylib; path = usr/lib/libsqlite3.dylib; sourceTree = SDKROOT; };
		26AC2C681B105204001F9FAD /* CFNetwork.framework */ = {isa = PBXFileReference; lastKnownFileType = wrapper.framework; name = CFNetwork.framework; path = System/Library/Frameworks/CFNetwork.framework; sourceTree = SDKROOT; };
		26AC2C6A1B10521C001F9FAD /* CoreAudio.framework */ = {isa = PBXFileReference; lastKnownFileType = wrapper.framework; name = CoreAudio.framework; path = System/Library/Frameworks/CoreAudio.framework; sourceTree = SDKROOT; };
		26AC2C6C1B105262001F9FAD /* MobileCoreServices.framework */ = {isa = PBXFileReference; lastKnownFileType = wrapper.framework; name = MobileCoreServices.framework; path = System/Library/Frameworks/MobileCoreServices.framework; sourceTree = SDKROOT; };
		26AC2C6E1B105277001F9FAD /* AudioToolbox.framework */ = {isa = PBXFileReference; lastKnownFileType = wrapper.framework; name = AudioToolbox.framework; path = System/Library/Frameworks/AudioToolbox.framework; sourceTree = SDKROOT; };
		26AC2C6F1B105277001F9FAD /* AudioUnit.framework */ = {isa = PBXFileReference; lastKnownFileType = wrapper.framework; name = AudioUnit.framework; path = System/Library/Frameworks/AudioUnit.framework; sourceTree = SDKROOT; };
		26AC2C701B105277001F9FAD /* CoreAudioKit.framework */ = {isa = PBXFileReference; lastKnownFileType = wrapper.framework; name = CoreAudioKit.framework; path = System/Library/Frameworks/CoreAudioKit.framework; sourceTree = SDKROOT; };
		26AC2C741B1052CD001F9FAD /* SystemConfiguration.framework */ = {isa = PBXFileReference; lastKnownFileType = wrapper.framework; name = SystemConfiguration.framework; path = System/Library/Frameworks/SystemConfiguration.framework; sourceTree = SDKROOT; };
		26AC2C771B10572D001F9FAD /* OMModelManager.h */ = {isa = PBXFileReference; fileEncoding = 4; lastKnownFileType = sourcecode.c.h; name = OMModelManager.h; path = Models/OMModelManager.h; sourceTree = "<group>"; };
		26AC2C781B10572D001F9FAD /* OMModelManager.m */ = {isa = PBXFileReference; fileEncoding = 4; lastKnownFileType = sourcecode.c.objc; name = OMModelManager.m; path = Models/OMModelManager.m; sourceTree = "<group>"; };
		26AC2C7A1B1058DB001F9FAD /* OMUser.h */ = {isa = PBXFileReference; fileEncoding = 4; lastKnownFileType = sourcecode.c.h; name = OMUser.h; path = Models/OMUser.h; sourceTree = "<group>"; };
		26AC2C7B1B1058DB001F9FAD /* OMUser.m */ = {isa = PBXFileReference; fileEncoding = 4; lastKnownFileType = sourcecode.c.objc; name = OMUser.m; path = Models/OMUser.m; sourceTree = "<group>"; };
		26AC2C7D1B105955001F9FAD /* OMCommonDefs.h */ = {isa = PBXFileReference; lastKnownFileType = sourcecode.c.h; name = OMCommonDefs.h; path = Models/OMCommonDefs.h; sourceTree = "<group>"; };
		26AC2C7F1B10661D001F9FAD /* Beaconstac.bundle */ = {isa = PBXFileReference; lastKnownFileType = "wrapper.plug-in"; path = Beaconstac.bundle; sourceTree = "<group>"; };
		26AC2C801B10661D001F9FAD /* Beaconstac_v_0_9_16.framework */ = {isa = PBXFileReference; lastKnownFileType = wrapper.framework; path = Beaconstac_v_0_9_16.framework; sourceTree = "<group>"; };
		26AC2C831B1066F6001F9FAD /* CoreLocation.framework */ = {isa = PBXFileReference; lastKnownFileType = wrapper.framework; name = CoreLocation.framework; path = System/Library/Frameworks/CoreLocation.framework; sourceTree = SDKROOT; };
		D35ED1791B10409300164ABA /* OfficeMate.app */ = {isa = PBXFileReference; explicitFileType = wrapper.application; includeInIndex = 0; path = OfficeMate.app; sourceTree = BUILT_PRODUCTS_DIR; };
		D35ED17D1B10409300164ABA /* Info.plist */ = {isa = PBXFileReference; lastKnownFileType = text.plist.xml; path = Info.plist; sourceTree = "<group>"; };
		D35ED17E1B10409300164ABA /* main.m */ = {isa = PBXFileReference; lastKnownFileType = sourcecode.c.objc; path = main.m; sourceTree = "<group>"; };
		D35ED1801B10409300164ABA /* AppDelegate.h */ = {isa = PBXFileReference; lastKnownFileType = sourcecode.c.h; path = AppDelegate.h; sourceTree = "<group>"; };
		D35ED1811B10409300164ABA /* AppDelegate.m */ = {isa = PBXFileReference; lastKnownFileType = sourcecode.c.objc; path = AppDelegate.m; sourceTree = "<group>"; };
		D35ED1871B10409300164ABA /* Base */ = {isa = PBXFileReference; lastKnownFileType = file.storyboard; name = Base; path = Base.lproj/Main.storyboard; sourceTree = "<group>"; };
		D35ED1891B10409300164ABA /* Images.xcassets */ = {isa = PBXFileReference; lastKnownFileType = folder.assetcatalog; path = Images.xcassets; sourceTree = "<group>"; };
		D35ED18C1B10409300164ABA /* Base */ = {isa = PBXFileReference; lastKnownFileType = file.xib; name = Base; path = Base.lproj/LaunchScreen.xib; sourceTree = "<group>"; };
		D35ED1921B10409300164ABA /* OfficeMateTests.xctest */ = {isa = PBXFileReference; explicitFileType = wrapper.cfbundle; includeInIndex = 0; path = OfficeMateTests.xctest; sourceTree = BUILT_PRODUCTS_DIR; };
		D35ED1971B10409300164ABA /* Info.plist */ = {isa = PBXFileReference; lastKnownFileType = text.plist.xml; path = Info.plist; sourceTree = "<group>"; };
		D35ED1981B10409300164ABA /* OfficeMateTests.m */ = {isa = PBXFileReference; lastKnownFileType = sourcecode.c.objc; path = OfficeMateTests.m; sourceTree = "<group>"; };
		D35ED1A21B1049B000164ABA /* OMSignUpViewConroller.h */ = {isa = PBXFileReference; fileEncoding = 4; lastKnownFileType = sourcecode.c.h; path = OMSignUpViewConroller.h; sourceTree = "<group>"; };
		D35ED1A31B1049B000164ABA /* OMSignUpViewConroller.m */ = {isa = PBXFileReference; fileEncoding = 4; lastKnownFileType = sourcecode.c.objc; path = OMSignUpViewConroller.m; sourceTree = "<group>"; };
		D35ED1A81B104A2E00164ABA /* HomeStoryBoard.storyboard */ = {isa = PBXFileReference; fileEncoding = 4; lastKnownFileType = file.storyboard; path = HomeStoryBoard.storyboard; sourceTree = "<group>"; };
		D35ED1B91B10715A00164ABA /* OMHomeScreenViewControllerTableViewController.h */ = {isa = PBXFileReference; fileEncoding = 4; lastKnownFileType = sourcecode.c.h; path = OMHomeScreenViewControllerTableViewController.h; sourceTree = "<group>"; };
		D35ED1BA1B10715A00164ABA /* OMHomeScreenViewControllerTableViewController.m */ = {isa = PBXFileReference; fileEncoding = 4; lastKnownFileType = sourcecode.c.objc; path = OMHomeScreenViewControllerTableViewController.m; sourceTree = "<group>"; };
		D35ED1BB1B10715A00164ABA /* OMHomeTableViewCell.h */ = {isa = PBXFileReference; fileEncoding = 4; lastKnownFileType = sourcecode.c.h; path = OMHomeTableViewCell.h; sourceTree = "<group>"; };
		D35ED1BC1B10715A00164ABA /* OMHomeTableViewCell.m */ = {isa = PBXFileReference; fileEncoding = 4; lastKnownFileType = sourcecode.c.objc; path = OMHomeTableViewCell.m; sourceTree = "<group>"; };
		D35ED1BF1B1071AC00164ABA /* OMAppearance.h */ = {isa = PBXFileReference; fileEncoding = 4; lastKnownFileType = sourcecode.c.h; path = OMAppearance.h; sourceTree = "<group>"; };
		D35ED1C01B1071AC00164ABA /* OMAppearance.m */ = {isa = PBXFileReference; fileEncoding = 4; lastKnownFileType = sourcecode.c.objc; path = OMAppearance.m; sourceTree = "<group>"; };
/* End PBXFileReference section */

/* Begin PBXFrameworksBuildPhase section */
		D35ED1761B10409300164ABA /* Frameworks */ = {
			isa = PBXFrameworksBuildPhase;
			buildActionMask = 2147483647;
			files = (
				26AC2C841B1066F6001F9FAD /* CoreLocation.framework in Frameworks */,
				26AC2C751B1052CD001F9FAD /* SystemConfiguration.framework in Frameworks */,
				26AC2C711B105277001F9FAD /* AudioToolbox.framework in Frameworks */,
				26AC2C6B1B10521C001F9FAD /* CoreAudio.framework in Frameworks */,
				26AC2C6D1B105262001F9FAD /* MobileCoreServices.framework in Frameworks */,
				26AC2C691B105204001F9FAD /* CFNetwork.framework in Frameworks */,
				26AC2C821B10661D001F9FAD /* Beaconstac_v_0_9_16.framework in Frameworks */,
				26AC2C661B1051F3001F9FAD /* libsqlite3.0.dylib in Frameworks */,
				26AC2C671B1051F3001F9FAD /* libsqlite3.dylib in Frameworks */,
				26AC2C631B10518A001F9FAD /* ParseUI.framework in Frameworks */,
				26AC2C611B10518A001F9FAD /* ParseFacebookUtils.framework in Frameworks */,
				26AC2C531B104B95001F9FAD /* Fabric.framework in Frameworks */,
				26AC2C621B10518A001F9FAD /* ParseFacebookUtilsV4.framework in Frameworks */,
				26AC2C601B10518A001F9FAD /* ParseCrashReporting.framework in Frameworks */,
				26AC2C561B104B95001F9FAD /* TwitterCore.framework in Frameworks */,
				26AC2C541B104B95001F9FAD /* DigitsKit.framework in Frameworks */,
				26AC2C5E1B10518A001F9FAD /* Bolts.framework in Frameworks */,
				26AC2C5F1B10518A001F9FAD /* Parse.framework in Frameworks */,
			);
			runOnlyForDeploymentPostprocessing = 0;
		};
		D35ED18F1B10409300164ABA /* Frameworks */ = {
			isa = PBXFrameworksBuildPhase;
			buildActionMask = 2147483647;
			files = (
			);
			runOnlyForDeploymentPostprocessing = 0;
		};
/* End PBXFrameworksBuildPhase section */

/* Begin PBXGroup section */
		26AC2C571B10518A001F9FAD /* Parse-library */ = {
			isa = PBXGroup;
			children = (
				26AC2C581B10518A001F9FAD /* Bolts.framework */,
				26AC2C591B10518A001F9FAD /* Parse.framework */,
				26AC2C5A1B10518A001F9FAD /* ParseCrashReporting.framework */,
				26AC2C5B1B10518A001F9FAD /* ParseFacebookUtils.framework */,
				26AC2C5C1B10518A001F9FAD /* ParseFacebookUtilsV4.framework */,
				26AC2C5D1B10518A001F9FAD /* ParseUI.framework */,
			);
			path = "Parse-library";
			sourceTree = SOURCE_ROOT;
		};
		26AC2C761B10570A001F9FAD /* Models */ = {
			isa = PBXGroup;
			children = (
				26AC2C771B10572D001F9FAD /* OMModelManager.h */,
				26AC2C781B10572D001F9FAD /* OMModelManager.m */,
				26AC2C7A1B1058DB001F9FAD /* OMUser.h */,
				26AC2C7B1B1058DB001F9FAD /* OMUser.m */,
				26AC2C7D1B105955001F9FAD /* OMCommonDefs.h */,
			);
			name = Models;
			sourceTree = "<group>";
		};
		26AC2C7E1B10661D001F9FAD /* BeaconStac */ = {
			isa = PBXGroup;
			children = (
				26AC2C7F1B10661D001F9FAD /* Beaconstac.bundle */,
				26AC2C801B10661D001F9FAD /* Beaconstac_v_0_9_16.framework */,
			);
			path = BeaconStac;
			sourceTree = "<group>";
		};
		D35ED1701B10409300164ABA = {
			isa = PBXGroup;
			children = (
				D35ED17B1B10409300164ABA /* OfficeMate */,
				D35ED1951B10409300164ABA /* OfficeMateTests */,
				D35ED17A1B10409300164ABA /* Products */,
			);
			sourceTree = "<group>";
		};
		D35ED17A1B10409300164ABA /* Products */ = {
			isa = PBXGroup;
			children = (
				D35ED1791B10409300164ABA /* OfficeMate.app */,
				D35ED1921B10409300164ABA /* OfficeMateTests.xctest */,
			);
			name = Products;
			sourceTree = "<group>";
		};
		D35ED17B1B10409300164ABA /* OfficeMate */ = {
			isa = PBXGroup;
			children = (
				26AC2C761B10570A001F9FAD /* Models */,
				D35ED1801B10409300164ABA /* AppDelegate.h */,
				D35ED1811B10409300164ABA /* AppDelegate.m */,
				D35ED1A21B1049B000164ABA /* OMSignUpViewConroller.h */,
				D35ED1A31B1049B000164ABA /* OMSignUpViewConroller.m */,
				D35ED1BF1B1071AC00164ABA /* OMAppearance.h */,
				D35ED1C01B1071AC00164ABA /* OMAppearance.m */,
				D35ED1B91B10715A00164ABA /* OMHomeScreenViewControllerTableViewController.h */,
				D35ED1BA1B10715A00164ABA /* OMHomeScreenViewControllerTableViewController.m */,
				D35ED1BB1B10715A00164ABA /* OMHomeTableViewCell.h */,
				D35ED1BC1B10715A00164ABA /* OMHomeTableViewCell.m */,
				D35ED1861B10409300164ABA /* Main.storyboard */,
				D35ED1A81B104A2E00164ABA /* HomeStoryBoard.storyboard */,
				D35ED1891B10409300164ABA /* Images.xcassets */,
				D35ED18B1B10409300164ABA /* LaunchScreen.xib */,
				D35ED17C1B10409300164ABA /* Supporting Files */,
			);
			path = OfficeMate;
			sourceTree = "<group>";
		};
		D35ED17C1B10409300164ABA /* Supporting Files */ = {
			isa = PBXGroup;
			children = (
				26AC2C7E1B10661D001F9FAD /* BeaconStac */,
				26AC2C831B1066F6001F9FAD /* CoreLocation.framework */,
				26AC2C741B1052CD001F9FAD /* SystemConfiguration.framework */,
				26AC2C6E1B105277001F9FAD /* AudioToolbox.framework */,
				26AC2C6F1B105277001F9FAD /* AudioUnit.framework */,
				26AC2C701B105277001F9FAD /* CoreAudioKit.framework */,
				26AC2C6C1B105262001F9FAD /* MobileCoreServices.framework */,
				26AC2C6A1B10521C001F9FAD /* CoreAudio.framework */,
				26AC2C681B105204001F9FAD /* CFNetwork.framework */,
				26AC2C641B1051F3001F9FAD /* libsqlite3.0.dylib */,
				26AC2C651B1051F3001F9FAD /* libsqlite3.dylib */,
				26AC2C571B10518A001F9FAD /* Parse-library */,
				26AC2C4F1B104B95001F9FAD /* Fabric.framework */,
				26AC2C501B104B95001F9FAD /* DigitsKit.framework */,
				26AC2C511B104B95001F9FAD /* DigitsKitResources.bundle */,
				26AC2C521B104B95001F9FAD /* TwitterCore.framework */,
				D35ED17D1B10409300164ABA /* Info.plist */,
				D35ED17E1B10409300164ABA /* main.m */,
			);
			name = "Supporting Files";
			sourceTree = "<group>";
		};
		D35ED1951B10409300164ABA /* OfficeMateTests */ = {
			isa = PBXGroup;
			children = (
				D35ED1981B10409300164ABA /* OfficeMateTests.m */,
				D35ED1961B10409300164ABA /* Supporting Files */,
			);
			path = OfficeMateTests;
			sourceTree = "<group>";
		};
		D35ED1961B10409300164ABA /* Supporting Files */ = {
			isa = PBXGroup;
			children = (
				D35ED1971B10409300164ABA /* Info.plist */,
			);
			name = "Supporting Files";
			sourceTree = "<group>";
		};
/* End PBXGroup section */

/* Begin PBXNativeTarget section */
		D35ED1781B10409300164ABA /* OfficeMate */ = {
			isa = PBXNativeTarget;
			buildConfigurationList = D35ED19C1B10409300164ABA /* Build configuration list for PBXNativeTarget "OfficeMate" */;
			buildPhases = (
				D35ED1751B10409300164ABA /* Sources */,
				D35ED1761B10409300164ABA /* Frameworks */,
				D35ED1771B10409300164ABA /* Resources */,
				26AC2C4E1B104B4F001F9FAD /* ShellScript */,
			);
			buildRules = (
			);
			dependencies = (
			);
			name = OfficeMate;
			productName = OfficeMate;
			productReference = D35ED1791B10409300164ABA /* OfficeMate.app */;
			productType = "com.apple.product-type.application";
		};
		D35ED1911B10409300164ABA /* OfficeMateTests */ = {
			isa = PBXNativeTarget;
			buildConfigurationList = D35ED19F1B10409300164ABA /* Build configuration list for PBXNativeTarget "OfficeMateTests" */;
			buildPhases = (
				D35ED18E1B10409300164ABA /* Sources */,
				D35ED18F1B10409300164ABA /* Frameworks */,
				D35ED1901B10409300164ABA /* Resources */,
			);
			buildRules = (
			);
			dependencies = (
				D35ED1941B10409300164ABA /* PBXTargetDependency */,
			);
			name = OfficeMateTests;
			productName = OfficeMateTests;
			productReference = D35ED1921B10409300164ABA /* OfficeMateTests.xctest */;
			productType = "com.apple.product-type.bundle.unit-test";
		};
/* End PBXNativeTarget section */

/* Begin PBXProject section */
		D35ED1711B10409300164ABA /* Project object */ = {
			isa = PBXProject;
			attributes = {
				LastUpgradeCheck = 0630;
				ORGANIZATIONNAME = "Ravindra Shetty";
				TargetAttributes = {
					D35ED1781B10409300164ABA = {
						CreatedOnToolsVersion = 6.3.2;
					};
					D35ED1911B10409300164ABA = {
						CreatedOnToolsVersion = 6.3.2;
						TestTargetID = D35ED1781B10409300164ABA;
					};
				};
			};
			buildConfigurationList = D35ED1741B10409300164ABA /* Build configuration list for PBXProject "OfficeMate" */;
			compatibilityVersion = "Xcode 3.2";
			developmentRegion = English;
			hasScannedForEncodings = 0;
			knownRegions = (
				en,
				Base,
			);
			mainGroup = D35ED1701B10409300164ABA;
			productRefGroup = D35ED17A1B10409300164ABA /* Products */;
			projectDirPath = "";
			projectRoot = "";
			targets = (
				D35ED1781B10409300164ABA /* OfficeMate */,
				D35ED1911B10409300164ABA /* OfficeMateTests */,
			);
		};
/* End PBXProject section */

/* Begin PBXResourcesBuildPhase section */
		D35ED1771B10409300164ABA /* Resources */ = {
			isa = PBXResourcesBuildPhase;
			buildActionMask = 2147483647;
			files = (
				26AC2C551B104B95001F9FAD /* DigitsKitResources.bundle in Resources */,
				D35ED1881B10409300164ABA /* Main.storyboard in Resources */,
				26AC2C811B10661D001F9FAD /* Beaconstac.bundle in Resources */,
				D35ED18D1B10409300164ABA /* LaunchScreen.xib in Resources */,
				D35ED1A91B104A2E00164ABA /* HomeStoryBoard.storyboard in Resources */,
				D35ED18A1B10409300164ABA /* Images.xcassets in Resources */,
			);
			runOnlyForDeploymentPostprocessing = 0;
		};
		D35ED1901B10409300164ABA /* Resources */ = {
			isa = PBXResourcesBuildPhase;
			buildActionMask = 2147483647;
			files = (
			);
			runOnlyForDeploymentPostprocessing = 0;
		};
/* End PBXResourcesBuildPhase section */

/* Begin PBXShellScriptBuildPhase section */
		26AC2C4E1B104B4F001F9FAD /* ShellScript */ = {
			isa = PBXShellScriptBuildPhase;
			buildActionMask = 2147483647;
			files = (
			);
			inputPaths = (
			);
			outputPaths = (
			);
			runOnlyForDeploymentPostprocessing = 0;
			shellPath = /bin/sh;
			shellScript = "./Fabric.framework/run 9ce25925122fc2338397d3557f9fbc283f4d8efa d16bbaa61b11f0d76c582c0b7b3d1a3c61b61c09da149ea1138230be8a0559e1";
		};
/* End PBXShellScriptBuildPhase section */

/* Begin PBXSourcesBuildPhase section */
		D35ED1751B10409300164ABA /* Sources */ = {
			isa = PBXSourcesBuildPhase;
			buildActionMask = 2147483647;
			files = (
				D35ED1BE1B10715A00164ABA /* OMHomeTableViewCell.m in Sources */,
				D35ED1A41B1049B000164ABA /* OMSignUpViewConroller.m in Sources */,
				D35ED1BD1B10715A00164ABA /* OMHomeScreenViewControllerTableViewController.m in Sources */,
				26AC2C791B10572D001F9FAD /* OMModelManager.m in Sources */,
				D35ED1821B10409300164ABA /* AppDelegate.m in Sources */,
				D35ED1C11B1071AC00164ABA /* OMAppearance.m in Sources */,
				26AC2C7C1B1058DB001F9FAD /* OMUser.m in Sources */,
				D35ED17F1B10409300164ABA /* main.m in Sources */,
			);
			runOnlyForDeploymentPostprocessing = 0;
		};
		D35ED18E1B10409300164ABA /* Sources */ = {
			isa = PBXSourcesBuildPhase;
			buildActionMask = 2147483647;
			files = (
				D35ED1991B10409300164ABA /* OfficeMateTests.m in Sources */,
			);
			runOnlyForDeploymentPostprocessing = 0;
		};
/* End PBXSourcesBuildPhase section */

/* Begin PBXTargetDependency section */
		D35ED1941B10409300164ABA /* PBXTargetDependency */ = {
			isa = PBXTargetDependency;
			target = D35ED1781B10409300164ABA /* OfficeMate */;
			targetProxy = D35ED1931B10409300164ABA /* PBXContainerItemProxy */;
		};
/* End PBXTargetDependency section */

/* Begin PBXVariantGroup section */
		D35ED1861B10409300164ABA /* Main.storyboard */ = {
			isa = PBXVariantGroup;
			children = (
				D35ED1871B10409300164ABA /* Base */,
			);
			name = Main.storyboard;
			sourceTree = "<group>";
		};
		D35ED18B1B10409300164ABA /* LaunchScreen.xib */ = {
			isa = PBXVariantGroup;
			children = (
				D35ED18C1B10409300164ABA /* Base */,
			);
			name = LaunchScreen.xib;
			sourceTree = "<group>";
		};
/* End PBXVariantGroup section */

/* Begin XCBuildConfiguration section */
		D35ED19A1B10409300164ABA /* Debug */ = {
			isa = XCBuildConfiguration;
			buildSettings = {
				ALWAYS_SEARCH_USER_PATHS = NO;
				CLANG_CXX_LANGUAGE_STANDARD = "gnu++0x";
				CLANG_CXX_LIBRARY = "libc++";
				CLANG_ENABLE_MODULES = YES;
				CLANG_ENABLE_OBJC_ARC = YES;
				CLANG_WARN_BOOL_CONVERSION = YES;
				CLANG_WARN_CONSTANT_CONVERSION = YES;
				CLANG_WARN_DIRECT_OBJC_ISA_USAGE = YES_ERROR;
				CLANG_WARN_EMPTY_BODY = YES;
				CLANG_WARN_ENUM_CONVERSION = YES;
				CLANG_WARN_INT_CONVERSION = YES;
				CLANG_WARN_OBJC_ROOT_CLASS = YES_ERROR;
				CLANG_WARN_UNREACHABLE_CODE = YES;
				CLANG_WARN__DUPLICATE_METHOD_MATCH = YES;
				CODE_SIGN_IDENTITY = "iPhone Developer";
				"CODE_SIGN_IDENTITY[sdk=iphoneos*]" = "iPhone Developer";
				COPY_PHASE_STRIP = NO;
				DEBUG_INFORMATION_FORMAT = "dwarf-with-dsym";
				ENABLE_STRICT_OBJC_MSGSEND = YES;
				GCC_C_LANGUAGE_STANDARD = gnu99;
				GCC_DYNAMIC_NO_PIC = NO;
				GCC_NO_COMMON_BLOCKS = YES;
				GCC_OPTIMIZATION_LEVEL = 0;
				GCC_PREPROCESSOR_DEFINITIONS = (
					"DEBUG=1",
					"$(inherited)",
				);
				GCC_SYMBOLS_PRIVATE_EXTERN = NO;
				GCC_WARN_64_TO_32_BIT_CONVERSION = YES;
				GCC_WARN_ABOUT_RETURN_TYPE = YES_ERROR;
				GCC_WARN_UNDECLARED_SELECTOR = YES;
				GCC_WARN_UNINITIALIZED_AUTOS = YES_AGGRESSIVE;
				GCC_WARN_UNUSED_FUNCTION = YES;
				GCC_WARN_UNUSED_VARIABLE = YES;
				IPHONEOS_DEPLOYMENT_TARGET = 8.3;
				MTL_ENABLE_DEBUG_INFO = YES;
				ONLY_ACTIVE_ARCH = YES;
				SDKROOT = iphoneos;
				TARGETED_DEVICE_FAMILY = "1,2";
			};
			name = Debug;
		};
		D35ED19B1B10409300164ABA /* Release */ = {
			isa = XCBuildConfiguration;
			buildSettings = {
				ALWAYS_SEARCH_USER_PATHS = NO;
				CLANG_CXX_LANGUAGE_STANDARD = "gnu++0x";
				CLANG_CXX_LIBRARY = "libc++";
				CLANG_ENABLE_MODULES = YES;
				CLANG_ENABLE_OBJC_ARC = YES;
				CLANG_WARN_BOOL_CONVERSION = YES;
				CLANG_WARN_CONSTANT_CONVERSION = YES;
				CLANG_WARN_DIRECT_OBJC_ISA_USAGE = YES_ERROR;
				CLANG_WARN_EMPTY_BODY = YES;
				CLANG_WARN_ENUM_CONVERSION = YES;
				CLANG_WARN_INT_CONVERSION = YES;
				CLANG_WARN_OBJC_ROOT_CLASS = YES_ERROR;
				CLANG_WARN_UNREACHABLE_CODE = YES;
				CLANG_WARN__DUPLICATE_METHOD_MATCH = YES;
				CODE_SIGN_IDENTITY = "iPhone Developer";
				"CODE_SIGN_IDENTITY[sdk=iphoneos*]" = "iPhone Developer";
				COPY_PHASE_STRIP = NO;
				DEBUG_INFORMATION_FORMAT = "dwarf-with-dsym";
				ENABLE_NS_ASSERTIONS = NO;
				ENABLE_STRICT_OBJC_MSGSEND = YES;
				GCC_C_LANGUAGE_STANDARD = gnu99;
				GCC_NO_COMMON_BLOCKS = YES;
				GCC_WARN_64_TO_32_BIT_CONVERSION = YES;
				GCC_WARN_ABOUT_RETURN_TYPE = YES_ERROR;
				GCC_WARN_UNDECLARED_SELECTOR = YES;
				GCC_WARN_UNINITIALIZED_AUTOS = YES_AGGRESSIVE;
				GCC_WARN_UNUSED_FUNCTION = YES;
				GCC_WARN_UNUSED_VARIABLE = YES;
				IPHONEOS_DEPLOYMENT_TARGET = 8.3;
				MTL_ENABLE_DEBUG_INFO = NO;
				SDKROOT = iphoneos;
				TARGETED_DEVICE_FAMILY = "1,2";
				VALIDATE_PRODUCT = YES;
			};
			name = Release;
		};
		D35ED19D1B10409300164ABA /* Debug */ = {
			isa = XCBuildConfiguration;
			buildSettings = {
				ASSETCATALOG_COMPILER_APPICON_NAME = AppIcon;
				CODE_SIGN_IDENTITY = "iPhone Developer";
				FRAMEWORK_SEARCH_PATHS = (
					"$(inherited)",
					"$(PROJECT_DIR)/OfficeMate",
					"$(PROJECT_DIR)/Parse-library",
					"$(PROJECT_DIR)/OfficeMate/BeaconStac",
				);
				INFOPLIST_FILE = OfficeMate/Info.plist;
				IPHONEOS_DEPLOYMENT_TARGET = 8.0;
				LD_RUNPATH_SEARCH_PATHS = "$(inherited) @executable_path/Frameworks";
				PRODUCT_NAME = "$(TARGET_NAME)";
			};
			name = Debug;
		};
		D35ED19E1B10409300164ABA /* Release */ = {
			isa = XCBuildConfiguration;
			buildSettings = {
				ASSETCATALOG_COMPILER_APPICON_NAME = AppIcon;
				CODE_SIGN_IDENTITY = "iPhone Developer";
				FRAMEWORK_SEARCH_PATHS = (
					"$(inherited)",
					"$(PROJECT_DIR)/OfficeMate",
					"$(PROJECT_DIR)/Parse-library",
					"$(PROJECT_DIR)/OfficeMate/BeaconStac",
				);
				INFOPLIST_FILE = OfficeMate/Info.plist;
				IPHONEOS_DEPLOYMENT_TARGET = 8.0;
				LD_RUNPATH_SEARCH_PATHS = "$(inherited) @executable_path/Frameworks";
				PRODUCT_NAME = "$(TARGET_NAME)";
			};
			name = Release;
		};
		D35ED1A01B10409300164ABA /* Debug */ = {
			isa = XCBuildConfiguration;
			buildSettings = {
				BUNDLE_LOADER = "$(TEST_HOST)";
				FRAMEWORK_SEARCH_PATHS = (
					"$(SDKROOT)/Developer/Library/Frameworks",
					"$(inherited)",
				);
				GCC_PREPROCESSOR_DEFINITIONS = (
					"DEBUG=1",
					"$(inherited)",
				);
				INFOPLIST_FILE = OfficeMateTests/Info.plist;
				LD_RUNPATH_SEARCH_PATHS = "$(inherited) @executable_path/Frameworks @loader_path/Frameworks";
				PRODUCT_NAME = "$(TARGET_NAME)";
				TEST_HOST = "$(BUILT_PRODUCTS_DIR)/OfficeMate.app/OfficeMate";
			};
			name = Debug;
		};
		D35ED1A11B10409300164ABA /* Release */ = {
			isa = XCBuildConfiguration;
			buildSettings = {
				BUNDLE_LOADER = "$(TEST_HOST)";
				FRAMEWORK_SEARCH_PATHS = (
					"$(SDKROOT)/Developer/Library/Frameworks",
					"$(inherited)",
				);
				INFOPLIST_FILE = OfficeMateTests/Info.plist;
				LD_RUNPATH_SEARCH_PATHS = "$(inherited) @executable_path/Frameworks @loader_path/Frameworks";
				PRODUCT_NAME = "$(TARGET_NAME)";
				TEST_HOST = "$(BUILT_PRODUCTS_DIR)/OfficeMate.app/OfficeMate";
			};
			name = Release;
		};
/* End XCBuildConfiguration section */

/* Begin XCConfigurationList section */
		D35ED1741B10409300164ABA /* Build configuration list for PBXProject "OfficeMate" */ = {
			isa = XCConfigurationList;
			buildConfigurations = (
				D35ED19A1B10409300164ABA /* Debug */,
				D35ED19B1B10409300164ABA /* Release */,
			);
			defaultConfigurationIsVisible = 0;
			defaultConfigurationName = Release;
		};
		D35ED19C1B10409300164ABA /* Build configuration list for PBXNativeTarget "OfficeMate" */ = {
			isa = XCConfigurationList;
			buildConfigurations = (
				D35ED19D1B10409300164ABA /* Debug */,
				D35ED19E1B10409300164ABA /* Release */,
			);
			defaultConfigurationIsVisible = 0;
			defaultConfigurationName = Release;
		};
		D35ED19F1B10409300164ABA /* Build configuration list for PBXNativeTarget "OfficeMateTests" */ = {
			isa = XCConfigurationList;
			buildConfigurations = (
				D35ED1A01B10409300164ABA /* Debug */,
				D35ED1A11B10409300164ABA /* Release */,
			);
			defaultConfigurationIsVisible = 0;
			defaultConfigurationName = Release;
		};
/* End XCConfigurationList section */
	};
	rootObject = D35ED1711B10409300164ABA /* Project object */;
}
