// !$*UTF8*$!
{
	archiveVersion = 1;
	classes = {
	};
	objectVersion = 46;
	objects = {

/* Begin PBXBuildFile section */
		D35ED17F1B10409300164ABA /* main.m in Sources */ = {isa = PBXBuildFile; fileRef = D35ED17E1B10409300164ABA /* main.m */; };
		D35ED1821B10409300164ABA /* AppDelegate.m in Sources */ = {isa = PBXBuildFile; fileRef = D35ED1811B10409300164ABA /* AppDelegate.m */; };
		D35ED1851B10409300164ABA /* ViewController.m in Sources */ = {isa = PBXBuildFile; fileRef = D35ED1841B10409300164ABA /* ViewController.m */; };
		D35ED1881B10409300164ABA /* Main.storyboard in Resources */ = {isa = PBXBuildFile; fileRef = D35ED1861B10409300164ABA /* Main.storyboard */; };
		D35ED18A1B10409300164ABA /* Images.xcassets in Resources */ = {isa = PBXBuildFile; fileRef = D35ED1891B10409300164ABA /* Images.xcassets */; };
		D35ED18D1B10409300164ABA /* LaunchScreen.xib in Resources */ = {isa = PBXBuildFile; fileRef = D35ED18B1B10409300164ABA /* LaunchScreen.xib */; };
		D35ED1991B10409300164ABA /* OfficeMateTests.m in Sources */ = {isa = PBXBuildFile; fileRef = D35ED1981B10409300164ABA /* OfficeMateTests.m */; };
/* End PBXBuildFile section */

/* Begin PBXContainerItemProxy section */
		D35ED1931B10409300164ABA /* PBXContainerItemProxy */ = {
			isa = PBXContainerItemProxy;
			containerPortal = D35ED1711B10409300164ABA /* Project object */;
			proxyType = 1;
			remoteGlobalIDString = D35ED1781B10409300164ABA;
			remoteInfo = OfficeMate;
		};
/* End PBXContainerItemProxy section */

/* Begin PBXFileReference section */
		D35ED1791B10409300164ABA /* OfficeMate.app */ = {isa = PBXFileReference; explicitFileType = wrapper.application; includeInIndex = 0; path = OfficeMate.app; sourceTree = BUILT_PRODUCTS_DIR; };
		D35ED17D1B10409300164ABA /* Info.plist */ = {isa = PBXFileReference; lastKnownFileType = text.plist.xml; path = Info.plist; sourceTree = "<group>"; };
		D35ED17E1B10409300164ABA /* main.m */ = {isa = PBXFileReference; lastKnownFileType = sourcecode.c.objc; path = main.m; sourceTree = "<group>"; };
		D35ED1801B10409300164ABA /* AppDelegate.h */ = {isa = PBXFileReference; lastKnownFileType = sourcecode.c.h; path = AppDelegate.h; sourceTree = "<group>"; };
		D35ED1811B10409300164ABA /* AppDelegate.m */ = {isa = PBXFileReference; lastKnownFileType = sourcecode.c.objc; path = AppDelegate.m; sourceTree = "<group>"; };
		D35ED1831B10409300164ABA /* ViewController.h */ = {isa = PBXFileReference; lastKnownFileType = sourcecode.c.h; path = ViewController.h; sourceTree = "<group>"; };
		D35ED1841B10409300164ABA /* ViewController.m */ = {isa = PBXFileReference; lastKnownFileType = sourcecode.c.objc; path = ViewController.m; sourceTree = "<group>"; };
		D35ED1871B10409300164ABA /* Base */ = {isa = PBXFileReference; lastKnownFileType = file.storyboard; name = Base; path = Base.lproj/Main.storyboard; sourceTree = "<group>"; };
		D35ED1891B10409300164ABA /* Images.xcassets */ = {isa = PBXFileReference; lastKnownFileType = folder.assetcatalog; path = Images.xcassets; sourceTree = "<group>"; };
		D35ED18C1B10409300164ABA /* Base */ = {isa = PBXFileReference; lastKnownFileType = file.xib; name = Base; path = Base.lproj/LaunchScreen.xib; sourceTree = "<group>"; };
		D35ED1921B10409300164ABA /* OfficeMateTests.xctest */ = {isa = PBXFileReference; explicitFileType = wrapper.cfbundle; includeInIndex = 0; path = OfficeMateTests.xctest; sourceTree = BUILT_PRODUCTS_DIR; };
		D35ED1971B10409300164ABA /* Info.plist */ = {isa = PBXFileReference; lastKnownFileType = text.plist.xml; path = Info.plist; sourceTree = "<group>"; };
		D35ED1981B10409300164ABA /* OfficeMateTests.m */ = {isa = PBXFileReference; lastKnownFileType = sourcecode.c.objc; path = OfficeMateTests.m; sourceTree = "<group>"; };
/* End PBXFileReference section */

/* Begin PBXFrameworksBuildPhase section */
		D35ED1761B10409300164ABA /* Frameworks */ = {
			isa = PBXFrameworksBuildPhase;
			buildActionMask = 2147483647;
			files = (
			);
			runOnlyForDeploymentPostprocessing = 0;
		};
		D35ED18F1B10409300164ABA /* Frameworks */ = {
			isa = PBXFrameworksBuildPhase;
			buildActionMask = 2147483647;
			files = (
			);
			runOnlyForDeploymentPostprocessing = 0;
		};
/* End PBXFrameworksBuildPhase section */

/* Begin PBXGroup section */
		D35ED1701B10409300164ABA = {
			isa = PBXGroup;
			children = (
				D35ED17B1B10409300164ABA /* OfficeMate */,
				D35ED1951B10409300164ABA /* OfficeMateTests */,
				D35ED17A1B10409300164ABA /* Products */,
			);
			sourceTree = "<group>";
		};
		D35ED17A1B10409300164ABA /* Products */ = {
			isa = PBXGroup;
			children = (
				D35ED1791B10409300164ABA /* OfficeMate.app */,
				D35ED1921B10409300164ABA /* OfficeMateTests.xctest */,
			);
			name = Products;
			sourceTree = "<group>";
		};
		D35ED17B1B10409300164ABA /* OfficeMate */ = {
			isa = PBXGroup;
			children = (
				D35ED1801B10409300164ABA /* AppDelegate.h */,
				D35ED1811B10409300164ABA /* AppDelegate.m */,
				D35ED1831B10409300164ABA /* ViewController.h */,
				D35ED1841B10409300164ABA /* ViewController.m */,
				D35ED1861B10409300164ABA /* Main.storyboard */,
				D35ED1891B10409300164ABA /* Images.xcassets */,
				D35ED18B1B10409300164ABA /* LaunchScreen.xib */,
				D35ED17C1B10409300164ABA /* Supporting Files */,
			);
			path = OfficeMate;
			sourceTree = "<group>";
		};
		D35ED17C1B10409300164ABA /* Supporting Files */ = {
			isa = PBXGroup;
			children = (
				D35ED17D1B10409300164ABA /* Info.plist */,
				D35ED17E1B10409300164ABA /* main.m */,
			);
			name = "Supporting Files";
			sourceTree = "<group>";
		};
		D35ED1951B10409300164ABA /* OfficeMateTests */ = {
			isa = PBXGroup;
			children = (
				D35ED1981B10409300164ABA /* OfficeMateTests.m */,
				D35ED1961B10409300164ABA /* Supporting Files */,
			);
			path = OfficeMateTests;
			sourceTree = "<group>";
		};
		D35ED1961B10409300164ABA /* Supporting Files */ = {
			isa = PBXGroup;
			children = (
				D35ED1971B10409300164ABA /* Info.plist */,
			);
			name = "Supporting Files";
			sourceTree = "<group>";
		};
/* End PBXGroup section */

/* Begin PBXNativeTarget section */
		D35ED1781B10409300164ABA /* OfficeMate */ = {
			isa = PBXNativeTarget;
			buildConfigurationList = D35ED19C1B10409300164ABA /* Build configuration list for PBXNativeTarget "OfficeMate" */;
			buildPhases = (
				D35ED1751B10409300164ABA /* Sources */,
				D35ED1761B10409300164ABA /* Frameworks */,
				D35ED1771B10409300164ABA /* Resources */,
			);
			buildRules = (
			);
			dependencies = (
			);
			name = OfficeMate;
			productName = OfficeMate;
			productReference = D35ED1791B10409300164ABA /* OfficeMate.app */;
			productType = "com.apple.product-type.application";
		};
		D35ED1911B10409300164ABA /* OfficeMateTests */ = {
			isa = PBXNativeTarget;
			buildConfigurationList = D35ED19F1B10409300164ABA /* Build configuration list for PBXNativeTarget "OfficeMateTests" */;
			buildPhases = (
				D35ED18E1B10409300164ABA /* Sources */,
				D35ED18F1B10409300164ABA /* Frameworks */,
				D35ED1901B10409300164ABA /* Resources */,
			);
			buildRules = (
			);
			dependencies = (
				D35ED1941B10409300164ABA /* PBXTargetDependency */,
			);
			name = OfficeMateTests;
			productName = OfficeMateTests;
			productReference = D35ED1921B10409300164ABA /* OfficeMateTests.xctest */;
			productType = "com.apple.product-type.bundle.unit-test";
		};
/* End PBXNativeTarget section */

/* Begin PBXProject section */
		D35ED1711B10409300164ABA /* Project object */ = {
			isa = PBXProject;
			attributes = {
				LastUpgradeCheck = 0630;
				ORGANIZATIONNAME = "Ravindra Shetty";
				TargetAttributes = {
					D35ED1781B10409300164ABA = {
						CreatedOnToolsVersion = 6.3.2;
					};
					D35ED1911B10409300164ABA = {
						CreatedOnToolsVersion = 6.3.2;
						TestTargetID = D35ED1781B10409300164ABA;
					};
				};
			};
			buildConfigurationList = D35ED1741B10409300164ABA /* Build configuration list for PBXProject "OfficeMate" */;
			compatibilityVersion = "Xcode 3.2";
			developmentRegion = English;
			hasScannedForEncodings = 0;
			knownRegions = (
				en,
				Base,
			);
			mainGroup = D35ED1701B10409300164ABA;
			productRefGroup = D35ED17A1B10409300164ABA /* Products */;
			projectDirPath = "";
			projectRoot = "";
			targets = (
				D35ED1781B10409300164ABA /* OfficeMate */,
				D35ED1911B10409300164ABA /* OfficeMateTests */,
			);
		};
/* End PBXProject section */

/* Begin PBXResourcesBuildPhase section */
		D35ED1771B10409300164ABA /* Resources */ = {
			isa = PBXResourcesBuildPhase;
			buildActionMask = 2147483647;
			files = (
				D35ED1881B10409300164ABA /* Main.storyboard in Resources */,
				D35ED18D1B10409300164ABA /* LaunchScreen.xib in Resources */,
				D35ED18A1B10409300164ABA /* Images.xcassets in Resources */,
			);
			runOnlyForDeploymentPostprocessing = 0;
		};
		D35ED1901B10409300164ABA /* Resources */ = {
			isa = PBXResourcesBuildPhase;
			buildActionMask = 2147483647;
			files = (
			);
			runOnlyForDeploymentPostprocessing = 0;
		};
/* End PBXResourcesBuildPhase section */

/* Begin PBXSourcesBuildPhase section */
		D35ED1751B10409300164ABA /* Sources */ = {
			isa = PBXSourcesBuildPhase;
			buildActionMask = 2147483647;
			files = (
				D35ED1851B10409300164ABA /* ViewController.m in Sources */,
				D35ED1821B10409300164ABA /* AppDelegate.m in Sources */,
				D35ED17F1B10409300164ABA /* main.m in Sources */,
			);
			runOnlyForDeploymentPostprocessing = 0;
		};
		D35ED18E1B10409300164ABA /* Sources */ = {
			isa = PBXSourcesBuildPhase;
			buildActionMask = 2147483647;
			files = (
				D35ED1991B10409300164ABA /* OfficeMateTests.m in Sources */,
			);
			runOnlyForDeploymentPostprocessing = 0;
		};
/* End PBXSourcesBuildPhase section */

/* Begin PBXTargetDependency section */
		D35ED1941B10409300164ABA /* PBXTargetDependency */ = {
			isa = PBXTargetDependency;
			target = D35ED1781B10409300164ABA /* OfficeMate */;
			targetProxy = D35ED1931B10409300164ABA /* PBXContainerItemProxy */;
		};
/* End PBXTargetDependency section */

/* Begin PBXVariantGroup section */
		D35ED1861B10409300164ABA /* Main.storyboard */ = {
			isa = PBXVariantGroup;
			children = (
				D35ED1871B10409300164ABA /* Base */,
			);
			name = Main.storyboard;
			sourceTree = "<group>";
		};
		D35ED18B1B10409300164ABA /* LaunchScreen.xib */ = {
			isa = PBXVariantGroup;
			children = (
				D35ED18C1B10409300164ABA /* Base */,
			);
			name = LaunchScreen.xib;
			sourceTree = "<group>";
		};
/* End PBXVariantGroup section */

/* Begin XCBuildConfiguration section */
		D35ED19A1B10409300164ABA /* Debug */ = {
			isa = XCBuildConfiguration;
			buildSettings = {
				ALWAYS_SEARCH_USER_PATHS = NO;
				CLANG_CXX_LANGUAGE_STANDARD = "gnu++0x";
				CLANG_CXX_LIBRARY = "libc++";
				CLANG_ENABLE_MODULES = YES;
				CLANG_ENABLE_OBJC_ARC = YES;
				CLANG_WARN_BOOL_CONVERSION = YES;
				CLANG_WARN_CONSTANT_CONVERSION = YES;
				CLANG_WARN_DIRECT_OBJC_ISA_USAGE = YES_ERROR;
				CLANG_WARN_EMPTY_BODY = YES;
				CLANG_WARN_ENUM_CONVERSION = YES;
				CLANG_WARN_INT_CONVERSION = YES;
				CLANG_WARN_OBJC_ROOT_CLASS = YES_ERROR;
				CLANG_WARN_UNREACHABLE_CODE = YES;
				CLANG_WARN__DUPLICATE_METHOD_MATCH = YES;
				CODE_SIGN_IDENTITY = "iPhone Developer";
				"CODE_SIGN_IDENTITY[sdk=iphoneos*]" = "iPhone Developer";
				COPY_PHASE_STRIP = NO;
				DEBUG_INFORMATION_FORMAT = "dwarf-with-dsym";
				ENABLE_STRICT_OBJC_MSGSEND = YES;
				GCC_C_LANGUAGE_STANDARD = gnu99;
				GCC_DYNAMIC_NO_PIC = NO;
				GCC_NO_COMMON_BLOCKS = YES;
				GCC_OPTIMIZATION_LEVEL = 0;
				GCC_PREPROCESSOR_DEFINITIONS = (
					"DEBUG=1",
					"$(inherited)",
				);
				GCC_SYMBOLS_PRIVATE_EXTERN = NO;
				GCC_WARN_64_TO_32_BIT_CONVERSION = YES;
				GCC_WARN_ABOUT_RETURN_TYPE = YES_ERROR;
				GCC_WARN_UNDECLARED_SELECTOR = YES;
				GCC_WARN_UNINITIALIZED_AUTOS = YES_AGGRESSIVE;
				GCC_WARN_UNUSED_FUNCTION = YES;
				GCC_WARN_UNUSED_VARIABLE = YES;
				IPHONEOS_DEPLOYMENT_TARGET = 8.3;
				MTL_ENABLE_DEBUG_INFO = YES;
				ONLY_ACTIVE_ARCH = YES;
				SDKROOT = iphoneos;
				TARGETED_DEVICE_FAMILY = "1,2";
			};
			name = Debug;
		};
		D35ED19B1B10409300164ABA /* Release */ = {
			isa = XCBuildConfiguration;
			buildSettings = {
				ALWAYS_SEARCH_USER_PATHS = NO;
				CLANG_CXX_LANGUAGE_STANDARD = "gnu++0x";
				CLANG_CXX_LIBRARY = "libc++";
				CLANG_ENABLE_MODULES = YES;
				CLANG_ENABLE_OBJC_ARC = YES;
				CLANG_WARN_BOOL_CONVERSION = YES;
				CLANG_WARN_CONSTANT_CONVERSION = YES;
				CLANG_WARN_DIRECT_OBJC_ISA_USAGE = YES_ERROR;
				CLANG_WARN_EMPTY_BODY = YES;
				CLANG_WARN_ENUM_CONVERSION = YES;
				CLANG_WARN_INT_CONVERSION = YES;
				CLANG_WARN_OBJC_ROOT_CLASS = YES_ERROR;
				CLANG_WARN_UNREACHABLE_CODE = YES;
				CLANG_WARN__DUPLICATE_METHOD_MATCH = YES;
				CODE_SIGN_IDENTITY = "iPhone Developer";
				"CODE_SIGN_IDENTITY[sdk=iphoneos*]" = "iPhone Developer";
				COPY_PHASE_STRIP = NO;
				DEBUG_INFORMATION_FORMAT = "dwarf-with-dsym";
				ENABLE_NS_ASSERTIONS = NO;
				ENABLE_STRICT_OBJC_MSGSEND = YES;
				GCC_C_LANGUAGE_STANDARD = gnu99;
				GCC_NO_COMMON_BLOCKS = YES;
				GCC_WARN_64_TO_32_BIT_CONVERSION = YES;
				GCC_WARN_ABOUT_RETURN_TYPE = YES_ERROR;
				GCC_WARN_UNDECLARED_SELECTOR = YES;
				GCC_WARN_UNINITIALIZED_AUTOS = YES_AGGRESSIVE;
				GCC_WARN_UNUSED_FUNCTION = YES;
				GCC_WARN_UNUSED_VARIABLE = YES;
				IPHONEOS_DEPLOYMENT_TARGET = 8.3;
				MTL_ENABLE_DEBUG_INFO = NO;
				SDKROOT = iphoneos;
				TARGETED_DEVICE_FAMILY = "1,2";
				VALIDATE_PRODUCT = YES;
			};
			name = Release;
		};
		D35ED19D1B10409300164ABA /* Debug */ = {
			isa = XCBuildConfiguration;
			buildSettings = {
				ASSETCATALOG_COMPILER_APPICON_NAME = AppIcon;
				CODE_SIGN_IDENTITY = "iPhone Developer";
				INFOPLIST_FILE = OfficeMate/Info.plist;
				IPHONEOS_DEPLOYMENT_TARGET = 8.0;
				LD_RUNPATH_SEARCH_PATHS = "$(inherited) @executable_path/Frameworks";
				PRODUCT_NAME = "$(TARGET_NAME)";
			};
			name = Debug;
		};
		D35ED19E1B10409300164ABA /* Release */ = {
			isa = XCBuildConfiguration;
			buildSettings = {
				ASSETCATALOG_COMPILER_APPICON_NAME = AppIcon;
				CODE_SIGN_IDENTITY = "iPhone Developer";
				INFOPLIST_FILE = OfficeMate/Info.plist;
				IPHONEOS_DEPLOYMENT_TARGET = 8.0;
				LD_RUNPATH_SEARCH_PATHS = "$(inherited) @executable_path/Frameworks";
				PRODUCT_NAME = "$(TARGET_NAME)";
			};
			name = Release;
		};
		D35ED1A01B10409300164ABA /* Debug */ = {
			isa = XCBuildConfiguration;
			buildSettings = {
				BUNDLE_LOADER = "$(TEST_HOST)";
				FRAMEWORK_SEARCH_PATHS = (
					"$(SDKROOT)/Developer/Library/Frameworks",
					"$(inherited)",
				);
				GCC_PREPROCESSOR_DEFINITIONS = (
					"DEBUG=1",
					"$(inherited)",
				);
				INFOPLIST_FILE = OfficeMateTests/Info.plist;
				LD_RUNPATH_SEARCH_PATHS = "$(inherited) @executable_path/Frameworks @loader_path/Frameworks";
				PRODUCT_NAME = "$(TARGET_NAME)";
				TEST_HOST = "$(BUILT_PRODUCTS_DIR)/OfficeMate.app/OfficeMate";
			};
			name = Debug;
		};
		D35ED1A11B10409300164ABA /* Release */ = {
			isa = XCBuildConfiguration;
			buildSettings = {
				BUNDLE_LOADER = "$(TEST_HOST)";
				FRAMEWORK_SEARCH_PATHS = (
					"$(SDKROOT)/Developer/Library/Frameworks",
					"$(inherited)",
				);
				INFOPLIST_FILE = OfficeMateTests/Info.plist;
				LD_RUNPATH_SEARCH_PATHS = "$(inherited) @executable_path/Frameworks @loader_path/Frameworks";
				PRODUCT_NAME = "$(TARGET_NAME)";
				TEST_HOST = "$(BUILT_PRODUCTS_DIR)/OfficeMate.app/OfficeMate";
			};
			name = Release;
		};
/* End XCBuildConfiguration section */

/* Begin XCConfigurationList section */
		D35ED1741B10409300164ABA /* Build configuration list for PBXProject "OfficeMate" */ = {
			isa = XCConfigurationList;
			buildConfigurations = (
				D35ED19A1B10409300164ABA /* Debug */,
				D35ED19B1B10409300164ABA /* Release */,
			);
			defaultConfigurationIsVisible = 0;
			defaultConfigurationName = Release;
		};
		D35ED19C1B10409300164ABA /* Build configuration list for PBXNativeTarget "OfficeMate" */ = {
			isa = XCConfigurationList;
			buildConfigurations = (
				D35ED19D1B10409300164ABA /* Debug */,
				D35ED19E1B10409300164ABA /* Release */,
			);
			defaultConfigurationIsVisible = 0;
			defaultConfigurationName = Release;
		};
		D35ED19F1B10409300164ABA /* Build configuration list for PBXNativeTarget "OfficeMateTests" */ = {
			isa = XCConfigurationList;
			buildConfigurations = (
				D35ED1A01B10409300164ABA /* Debug */,
				D35ED1A11B10409300164ABA /* Release */,
			);
			defaultConfigurationIsVisible = 0;
			defaultConfigurationName = Release;
		};
/* End XCConfigurationList section */
	};
	rootObject = D35ED1711B10409300164ABA /* Project object */;
}
